
Microsoft Visual Studio Solution File, Format Version 12.00
# Visual Studio Version 17
VisualStudioVersion = 17.0.31903.59
MinimumVisualStudioVersion = 10.0.40219.1
Project("{FAE04EC0-301F-11D3-BF4B-00C04F79EFBC}") = "cgca.web", "cgca.web\cgca.web.csproj", "{103D623A-9FAF-460B-AEB5-116F79C78DDB}"
EndProject
Project("{FAE04EC0-301F-11D3-BF4B-00C04F79EFBC}") = "cgca.web.client", "cgca.web.client\cgca.web.client.csproj", "{B2D4F5A1-7C8E-4F3D-9A1B-6E5C2D8F0A3B}"
EndProject
Project("{FAE04EC0-301F-11D3-BF4B-00C04F79EFBC}") = "cgca.web.Tests", "cgca.web.Tests\cgca.web.Tests.csproj", "{51B22D59-74AC-48C6-852F-7BC228B841F9}"
EndProject
Global
	GlobalSection(SolutionConfigurationPlatforms) = preSolution
		Debug|Any CPU = Debug|Any CPU
		Release|Any CPU = Release|Any CPU
	EndGlobalSection
	GlobalSection(ProjectConfigurationPlatforms) = postSolution
		{103D623A-9FAF-460B-AEB5-116F79C78DDB}.Debug|Any CPU.ActiveCfg = Debug|Any CPU
		{103D623A-9FAF-460B-AEB5-116F79C78DDB}.Debug|Any CPU.Build.0 = Debug|Any CPU
		{103D623A-9FAF-460B-AEB5-116F79C78DDB}.Release|Any CPU.ActiveCfg = Release|Any CPU
		{103D623A-9FAF-460B-AEB5-116F79C78DDB}.Release|Any CPU.Build.0 = Release|Any CPU
		{B2D4F5A1-7C8E-4F3D-9A1B-6E5C2D8F0A3B}.Debug|Any CPU.ActiveCfg = Debug|Any CPU
		{B2D4F5A1-7C8E-4F3D-9A1B-6E5C2D8F0A3B}.Debug|Any CPU.Build.0 = Debug|Any CPU
		{B2D4F5A1-7C8E-4F3D-9A1B-6E5C2D8F0A3B}.Release|Any CPU.ActiveCfg = Release|Any CPU
		{B2D4F5A1-7C8E-4F3D-9A1B-6E5C2D8F0A3B}.Release|Any CPU.Build.0 = Release|Any CPU
		{51B22D59-74AC-48C6-852F-7BC228B841F9}.Debug|Any CPU.ActiveCfg = Debug|Any CPU
		{51B22D59-74AC-48C6-852F-7BC228B841F9}.Debug|Any CPU.Build.0 = Debug|Any CPU
		{51B22D59-74AC-48C6-852F-7BC228B841F9}.Release|Any CPU.ActiveCfg = Release|Any CPU
		{51B22D59-74AC-48C6-852F-7BC228B841F9}.Release|Any CPU.Build.0 = Release|Any CPU
	EndGlobalSection
	GlobalSection(SolutionProperties) = preSolution
		HideSolutionNode = FALSE
	EndGlobalSection
EndGlobal
